
Microsoft Visual Studio Solution File, Format Version 12.00
# Visual Studio Version 16
VisualStudioVersion = 16.0.31624.102
MinimumVisualStudioVersion = 10.0.40219.1
Project("{FAE04EC0-301F-11D3-BF4B-00C04F79EFBC}") = "LMS Project", "LMS Project\LMS Project.csproj", "{013B3ED2-B150-4CCF-BB41-6DDD2D73DC36}"
EndProject
Global
	GlobalSection(SolutionConfigurationPlatforms) = preSolution
		Debug|Any CPU = Debug|Any CPU
		Release|Any CPU = Release|Any CPU
	EndGlobalSection
	GlobalSection(ProjectConfigurationPlatforms) = postSolution
		{013B3ED2-B150-4CCF-BB41-6DDD2D73DC36}.Debug|Any CPU.ActiveCfg = Debug|Any CPU
		{013B3ED2-B150-4CCF-BB41-6DDD2D73DC36}.Debug|Any CPU.Build.0 = Debug|Any CPU
		{013B3ED2-B150-4CCF-BB41-6DDD2D73DC36}.Release|Any CPU.ActiveCfg = Release|Any CPU
		{013B3ED2-B150-4CCF-BB41-6DDD2D73DC36}.Release|Any CPU.Build.0 = Release|Any CPU
	EndGlobalSection
	GlobalSection(SolutionProperties) = preSolution
		HideSolutionNode = FALSE
	EndGlobalSection
	GlobalSection(ExtensibilityGlobals) = postSolution
		SolutionGuid = {FEF58E49-559F-46EF-8B50-50472E1FA218}
	EndGlobalSection
EndGlobal
